// !$*UTF8*$!
{
	archiveVersion = 1;
	classes = {
	};
	objectVersion = 46;
	objects = {

/* Begin PBXBuildFile section */
		6B43E88A1D40145A0009561E /* AppDelegate.swift in Sources */ = {isa = PBXBuildFile; fileRef = 6B43E8891D40145A0009561E /* AppDelegate.swift */; };
		6B43E88C1D40145A0009561E /* ViewController.swift in Sources */ = {isa = PBXBuildFile; fileRef = 6B43E88B1D40145A0009561E /* ViewController.swift */; };
		6B43E88F1D40145A0009561E /* Main.storyboard in Resources */ = {isa = PBXBuildFile; fileRef = 6B43E88D1D40145A0009561E /* Main.storyboard */; };
		6B43E8911D40145A0009561E /* Assets.xcassets in Resources */ = {isa = PBXBuildFile; fileRef = 6B43E8901D40145A0009561E /* Assets.xcassets */; };
		6B43E8941D40145A0009561E /* LaunchScreen.storyboard in Resources */ = {isa = PBXBuildFile; fileRef = 6B43E8921D40145A0009561E /* LaunchScreen.storyboard */; };
		6B43E89C1D4016FC0009561E /* TableViewController.swift in Sources */ = {isa = PBXBuildFile; fileRef = 6B43E89B1D4016FC0009561E /* TableViewController.swift */; };
/* End PBXBuildFile section */

/* Begin PBXFileReference section */
		6B43E8861D40145A0009561E /* PokeMonApp.app */ = {isa = PBXFileReference; explicitFileType = wrapper.application; includeInIndex = 0; path = PokeMonApp.app; sourceTree = BUILT_PRODUCTS_DIR; };
		6B43E8891D40145A0009561E /* AppDelegate.swift */ = {isa = PBXFileReference; lastKnownFileType = sourcecode.swift; path = AppDelegate.swift; sourceTree = "<group>"; };
		6B43E88B1D40145A0009561E /* ViewController.swift */ = {isa = PBXFileReference; lastKnownFileType = sourcecode.swift; path = ViewController.swift; sourceTree = "<group>"; };
		6B43E88E1D40145A0009561E /* Base */ = {isa = PBXFileReference; lastKnownFileType = file.storyboard; name = Base; path = Base.lproj/Main.storyboard; sourceTree = "<group>"; };
		6B43E8901D40145A0009561E /* Assets.xcassets */ = {isa = PBXFileReference; lastKnownFileType = folder.assetcatalog; path = Assets.xcassets; sourceTree = "<group>"; };
		6B43E8931D40145A0009561E /* Base */ = {isa = PBXFileReference; lastKnownFileType = file.storyboard; name = Base; path = Base.lproj/LaunchScreen.storyboard; sourceTree = "<group>"; };
		6B43E8951D40145A0009561E /* Info.plist */ = {isa = PBXFileReference; lastKnownFileType = text.plist.xml; path = Info.plist; sourceTree = "<group>"; };
		6B43E89B1D4016FC0009561E /* TableViewController.swift */ = {isa = PBXFileReference; fileEncoding = 4; lastKnownFileType = sourcecode.swift; path = TableViewController.swift; sourceTree = "<group>"; };
/* End PBXFileReference section */

/* Begin PBXFrameworksBuildPhase section */
		6B43E8831D40145A0009561E /* Frameworks */ = {
			isa = PBXFrameworksBuildPhase;
			buildActionMask = 2147483647;
			files = (
			);
			runOnlyForDeploymentPostprocessing = 0;
		};
/* End PBXFrameworksBuildPhase section */

/* Begin PBXGroup section */
		6B43E87D1D40145A0009561E = {
			isa = PBXGroup;
			children = (
				6B43E8881D40145A0009561E /* PokeMonApp */,
				6B43E8871D40145A0009561E /* Products */,
			);
			sourceTree = "<group>";
		};
		6B43E8871D40145A0009561E /* Products */ = {
			isa = PBXGroup;
			children = (
				6B43E8861D40145A0009561E /* PokeMonApp.app */,
			);
			name = Products;
			sourceTree = "<group>";
		};
		6B43E8881D40145A0009561E /* PokeMonApp */ = {
			isa = PBXGroup;
			children = (
				6B43E8891D40145A0009561E /* AppDelegate.swift */,
				6B43E88B1D40145A0009561E /* ViewController.swift */,
				6B43E89B1D4016FC0009561E /* TableViewController.swift */,
				6B43E88D1D40145A0009561E /* Main.storyboard */,
				6B43E8901D40145A0009561E /* Assets.xcassets */,
				6B43E8921D40145A0009561E /* LaunchScreen.storyboard */,
				6B43E8951D40145A0009561E /* Info.plist */,
			);
			path = PokeMonApp;
			sourceTree = "<group>";
		};
/* End PBXGroup section */

/* Begin PBXNativeTarget section */
		6B43E8851D40145A0009561E /* PokeMonApp */ = {
			isa = PBXNativeTarget;
			buildConfigurationList = 6B43E8981D40145A0009561E /* Build configuration list for PBXNativeTarget "PokeMonApp" */;
			buildPhases = (
				6B43E8821D40145A0009561E /* Sources */,
				6B43E8831D40145A0009561E /* Frameworks */,
				6B43E8841D40145A0009561E /* Resources */,
			);
			buildRules = (
			);
			dependencies = (
			);
			name = PokeMonApp;
			productName = PokeMonApp;
			productReference = 6B43E8861D40145A0009561E /* PokeMonApp.app */;
			productType = "com.apple.product-type.application";
		};
/* End PBXNativeTarget section */

/* Begin PBXProject section */
		6B43E87E1D40145A0009561E /* Project object */ = {
			isa = PBXProject;
			attributes = {
				LastSwiftUpdateCheck = 0730;
				LastUpgradeCheck = 0800;
				ORGANIZATIONNAME = "Vivian Aranha";
				TargetAttributes = {
					6B43E8851D40145A0009561E = {
						CreatedOnToolsVersion = 7.3.1;
						LastSwiftMigration = 0800;
					};
				};
			};
			buildConfigurationList = 6B43E8811D40145A0009561E /* Build configuration list for PBXProject "pokemonapp" */;
			compatibilityVersion = "Xcode 3.2";
			developmentRegion = English;
			hasScannedForEncodings = 0;
			knownRegions = (
				en,
				Base,
			);
			mainGroup = 6B43E87D1D40145A0009561E;
			productRefGroup = 6B43E8871D40145A0009561E /* Products */;
			projectDirPath = "";
			projectRoot = "";
			targets = (
				6B43E8851D40145A0009561E /* PokeMonApp */,
			);
		};
/* End PBXProject section */

/* Begin PBXResourcesBuildPhase section */
		6B43E8841D40145A0009561E /* Resources */ = {
			isa = PBXResourcesBuildPhase;
			buildActionMask = 2147483647;
			files = (
				6B43E8941D40145A0009561E /* LaunchScreen.storyboard in Resources */,
				6B43E8911D40145A0009561E /* Assets.xcassets in Resources */,
				6B43E88F1D40145A0009561E /* Main.storyboard in Resources */,
			);
			runOnlyForDeploymentPostprocessing = 0;
		};
/* End PBXResourcesBuildPhase section */

/* Begin PBXSourcesBuildPhase section */
		6B43E8821D40145A0009561E /* Sources */ = {
			isa = PBXSourcesBuildPhase;
			buildActionMask = 2147483647;
			files = (
				6B43E88C1D40145A0009561E /* ViewController.swift in Sources */,
				6B43E89C1D4016FC0009561E /* TableViewController.swift in Sources */,
				6B43E88A1D40145A0009561E /* AppDelegate.swift in Sources */,
			);
			runOnlyForDeploymentPostprocessing = 0;
		};
/* End PBXSourcesBuildPhase section */

/* Begin PBXVariantGroup section */
		6B43E88D1D40145A0009561E /* Main.storyboard */ = {
			isa = PBXVariantGroup;
			children = (
				6B43E88E1D40145A0009561E /* Base */,
			);
			name = Main.storyboard;
			sourceTree = "<group>";
		};
		6B43E8921D40145A0009561E /* LaunchScreen.storyboard */ = {
			isa = PBXVariantGroup;
			children = (
				6B43E8931D40145A0009561E /* Base */,
			);
			name = LaunchScreen.storyboard;
			sourceTree = "<group>";
		};
/* End PBXVariantGroup section */

/* Begin XCBuildConfiguration section */
		6B43E8961D40145A0009561E /* Debug */ = {
			isa = XCBuildConfiguration;
			buildSettings = {
				ALWAYS_SEARCH_USER_PATHS = NO;
				CLANG_ANALYZER_NONNULL = YES;
				CLANG_CXX_LANGUAGE_STANDARD = "gnu++0x";
				CLANG_CXX_LIBRARY = "libc++";
				CLANG_ENABLE_MODULES = YES;
				CLANG_ENABLE_OBJC_ARC = YES;
				CLANG_WARN_BOOL_CONVERSION = YES;
				CLANG_WARN_CONSTANT_CONVERSION = YES;
				CLANG_WARN_DIRECT_OBJC_ISA_USAGE = YES_ERROR;
				CLANG_WARN_EMPTY_BODY = YES;
				CLANG_WARN_ENUM_CONVERSION = YES;
				CLANG_WARN_INFINITE_RECURSION = YES;
				CLANG_WARN_INT_CONVERSION = YES;
				CLANG_WARN_OBJC_ROOT_CLASS = YES_ERROR;
				CLANG_WARN_SUSPICIOUS_MOVE = YES;
				CLANG_WARN_UNREACHABLE_CODE = YES;
				CLANG_WARN__DUPLICATE_METHOD_MATCH = YES;
				"CODE_SIGN_IDENTITY[sdk=iphoneos*]" = "iPhone Developer";
				COPY_PHASE_STRIP = NO;
				DEBUG_INFORMATION_FORMAT = dwarf;
				ENABLE_STRICT_OBJC_MSGSEND = YES;
				ENABLE_TESTABILITY = YES;
				GCC_C_LANGUAGE_STANDARD = gnu99;
				GCC_DYNAMIC_NO_PIC = NO;
				GCC_NO_COMMON_BLOCKS = YES;
				GCC_OPTIMIZATION_LEVEL = 0;
				GCC_PREPROCESSOR_DEFINITIONS = (
					"DEBUG=1",
					"$(inherited)",
				);
				GCC_WARN_64_TO_32_BIT_CONVERSION = YES;
				GCC_WARN_ABOUT_RETURN_TYPE = YES_ERROR;
				GCC_WARN_UNDECLARED_SELECTOR = YES;
				GCC_WARN_UNINITIALIZED_AUTOS = YES_AGGRESSIVE;
				GCC_WARN_UNUSED_FUNCTION = YES;
				GCC_WARN_UNUSED_VARIABLE = YES;
				IPHONEOS_DEPLOYMENT_TARGET = 9.3;
				MTL_ENABLE_DEBUG_INFO = YES;
				ONLY_ACTIVE_ARCH = YES;
				SDKROOT = iphoneos;
				SWIFT_OPTIMIZATION_LEVEL = "-Onone";
			};
			name = Debug;
		};
		6B43E8971D40145A0009561E /* Release */ = {
			isa = XCBuildConfiguration;
			buildSettings = {
				ALWAYS_SEARCH_USER_PATHS = NO;
				CLANG_ANALYZER_NONNULL = YES;
				CLANG_CXX_LANGUAGE_STANDARD = "gnu++0x";
				CLANG_CXX_LIBRARY = "libc++";
				CLANG_ENABLE_MODULES = YES;
				CLANG_ENABLE_OBJC_ARC = YES;
				CLANG_WARN_BOOL_CONVERSION = YES;
				CLANG_WARN_CONSTANT_CONVERSION = YES;
				CLANG_WARN_DIRECT_OBJC_ISA_USAGE = YES_ERROR;
				CLANG_WARN_EMPTY_BODY = YES;
				CLANG_WARN_ENUM_CONVERSION = YES;
				CLANG_WARN_INFINITE_RECURSION = YES;
				CLANG_WARN_INT_CONVERSION = YES;
				CLANG_WARN_OBJC_ROOT_CLASS = YES_ERROR;
				CLANG_WARN_SUSPICIOUS_MOVE = YES;
				CLANG_WARN_UNREACHABLE_CODE = YES;
				CLANG_WARN__DUPLICATE_METHOD_MATCH = YES;
				"CODE_SIGN_IDENTITY[sdk=iphoneos*]" = "iPhone Developer";
				COPY_PHASE_STRIP = NO;
				DEBUG_INFORMATION_FORMAT = "dwarf-with-dsym";
				ENABLE_NS_ASSERTIONS = NO;
				ENABLE_STRICT_OBJC_MSGSEND = YES;
				GCC_C_LANGUAGE_STANDARD = gnu99;
				GCC_NO_COMMON_BLOCKS = YES;
				GCC_WARN_64_TO_32_BIT_CONVERSION = YES;
				GCC_WARN_ABOUT_RETURN_TYPE = YES_ERROR;
				GCC_WARN_UNDECLARED_SELECTOR = YES;
				GCC_WARN_UNINITIALIZED_AUTOS = YES_AGGRESSIVE;
				GCC_WARN_UNUSED_FUNCTION = YES;
				GCC_WARN_UNUSED_VARIABLE = YES;
				IPHONEOS_DEPLOYMENT_TARGET = 9.3;
				MTL_ENABLE_DEBUG_INFO = NO;
				SDKROOT = iphoneos;
				SWIFT_OPTIMIZATION_LEVEL = "-Owholemodule";
				VALIDATE_PRODUCT = YES;
			};
			name = Release;
		};
		6B43E8991D40145A0009561E /* Debug */ = {
			isa = XCBuildConfiguration;
			buildSettings = {
				ASSETCATALOG_COMPILER_APPICON_NAME = AppIcon;
				INFOPLIST_FILE = PokeMonApp/Info.plist;
				LD_RUNPATH_SEARCH_PATHS = "$(inherited) @executable_path/Frameworks";
				PRODUCT_BUNDLE_IDENTIFIER = vishwan.aranha.PokeMonApp;
				PRODUCT_NAME = "$(TARGET_NAME)";
				SWIFT_VERSION = 3.0;
			};
			name = Debug;
		};
		6B43E89A1D40145A0009561E /* Release */ = {
			isa = XCBuildConfiguration;
			buildSettings = {
				ASSETCATALOG_COMPILER_APPICON_NAME = AppIcon;
				INFOPLIST_FILE = PokeMonApp/Info.plist;
				LD_RUNPATH_SEARCH_PATHS = "$(inherited) @executable_path/Frameworks";
				PRODUCT_BUNDLE_IDENTIFIER = vishwan.aranha.PokeMonApp;
				PRODUCT_NAME = "$(TARGET_NAME)";
				SWIFT_VERSION = 3.0;
			};
			name = Release;
		};
/* End XCBuildConfiguration section */

/* Begin XCConfigurationList section */
		6B43E8811D40145A0009561E /* Build configuration list for PBXProject "pokemonapp" */ = {
			isa = XCConfigurationList;
			buildConfigurations = (
				6B43E8961D40145A0009561E /* Debug */,
				6B43E8971D40145A0009561E /* Release */,
			);
			defaultConfigurationIsVisible = 0;
			defaultConfigurationName = Release;
		};
		6B43E8981D40145A0009561E /* Build configuration list for PBXNativeTarget "PokeMonApp" */ = {
			isa = XCConfigurationList;
			buildConfigurations = (
				6B43E8991D40145A0009561E /* Debug */,
				6B43E89A1D40145A0009561E /* Release */,
			);
			defaultConfigurationIsVisible = 0;
			defaultConfigurationName = Release;
		};
/* End XCConfigurationList section */
	};
	rootObject = 6B43E87E1D40145A0009561E /* Project object */;
}
