// !$*UTF8*$!
{
	archiveVersion = 1;
	classes = {
	};
	objectVersion = 46;
	objects = {

/* Begin PBXBuildFile section */
		6BA0F94D1D64E25300BE0FA9 /* main.m in Sources */ = {isa = PBXBuildFile; fileRef = 6BA0F94C1D64E25300BE0FA9 /* main.m */; };
		6BA0F9501D64E25300BE0FA9 /* AppDelegate.m in Sources */ = {isa = PBXBuildFile; fileRef = 6BA0F94F1D64E25300BE0FA9 /* AppDelegate.m */; };
		6BA0F9531D64E25300BE0FA9 /* ViewController.m in Sources */ = {isa = PBXBuildFile; fileRef = 6BA0F9521D64E25300BE0FA9 /* ViewController.m */; };
		6BA0F9561D64E25300BE0FA9 /* Main.storyboard in Resources */ = {isa = PBXBuildFile; fileRef = 6BA0F9541D64E25300BE0FA9 /* Main.storyboard */; };
		6BA0F9581D64E25300BE0FA9 /* Assets.xcassets in Resources */ = {isa = PBXBuildFile; fileRef = 6BA0F9571D64E25300BE0FA9 /* Assets.xcassets */; };
		6BA0F95B1D64E25300BE0FA9 /* LaunchScreen.storyboard in Resources */ = {isa = PBXBuildFile; fileRef = 6BA0F9591D64E25300BE0FA9 /* LaunchScreen.storyboard */; };
		6BA0F9631D64E32D00BE0FA9 /* MultipeerConnectivity.framework in Frameworks */ = {isa = PBXBuildFile; fileRef = 6BA0F9621D64E32D00BE0FA9 /* MultipeerConnectivity.framework */; };
/* End PBXBuildFile section */

/* Begin PBXFileReference section */
		6BA0F9481D64E25300BE0FA9 /* ChatApplication.app */ = {isa = PBXFileReference; explicitFileType = wrapper.application; includeInIndex = 0; path = ChatApplication.app; sourceTree = BUILT_PRODUCTS_DIR; };
		6BA0F94C1D64E25300BE0FA9 /* main.m */ = {isa = PBXFileReference; lastKnownFileType = sourcecode.c.objc; path = main.m; sourceTree = "<group>"; };
		6BA0F94E1D64E25300BE0FA9 /* AppDelegate.h */ = {isa = PBXFileReference; lastKnownFileType = sourcecode.c.h; path = AppDelegate.h; sourceTree = "<group>"; };
		6BA0F94F1D64E25300BE0FA9 /* AppDelegate.m */ = {isa = PBXFileReference; lastKnownFileType = sourcecode.c.objc; path = AppDelegate.m; sourceTree = "<group>"; };
		6BA0F9511D64E25300BE0FA9 /* ViewController.h */ = {isa = PBXFileReference; lastKnownFileType = sourcecode.c.h; path = ViewController.h; sourceTree = "<group>"; };
		6BA0F9521D64E25300BE0FA9 /* ViewController.m */ = {isa = PBXFileReference; lastKnownFileType = sourcecode.c.objc; path = ViewController.m; sourceTree = "<group>"; };
		6BA0F9551D64E25300BE0FA9 /* Base */ = {isa = PBXFileReference; lastKnownFileType = file.storyboard; name = Base; path = Base.lproj/Main.storyboard; sourceTree = "<group>"; };
		6BA0F9571D64E25300BE0FA9 /* Assets.xcassets */ = {isa = PBXFileReference; lastKnownFileType = folder.assetcatalog; path = Assets.xcassets; sourceTree = "<group>"; };
		6BA0F95A1D64E25300BE0FA9 /* Base */ = {isa = PBXFileReference; lastKnownFileType = file.storyboard; name = Base; path = Base.lproj/LaunchScreen.storyboard; sourceTree = "<group>"; };
		6BA0F95C1D64E25300BE0FA9 /* Info.plist */ = {isa = PBXFileReference; lastKnownFileType = text.plist.xml; path = Info.plist; sourceTree = "<group>"; };
		6BA0F9621D64E32D00BE0FA9 /* MultipeerConnectivity.framework */ = {isa = PBXFileReference; lastKnownFileType = wrapper.framework; name = MultipeerConnectivity.framework; path = System/Library/Frameworks/MultipeerConnectivity.framework; sourceTree = SDKROOT; };
/* End PBXFileReference section */

/* Begin PBXFrameworksBuildPhase section */
		6BA0F9451D64E25300BE0FA9 /* Frameworks */ = {
			isa = PBXFrameworksBuildPhase;
			buildActionMask = 2147483647;
			files = (
				6BA0F9631D64E32D00BE0FA9 /* MultipeerConnectivity.framework in Frameworks */,
			);
			runOnlyForDeploymentPostprocessing = 0;
		};
/* End PBXFrameworksBuildPhase section */

/* Begin PBXGroup section */
		6BA0F93F1D64E25300BE0FA9 = {
			isa = PBXGroup;
			children = (
				6BA0F94A1D64E25300BE0FA9 /* ChatApplication */,
				6BA0F9491D64E25300BE0FA9 /* Products */,
			);
			sourceTree = "<group>";
		};
		6BA0F9491D64E25300BE0FA9 /* Products */ = {
			isa = PBXGroup;
			children = (
				6BA0F9481D64E25300BE0FA9 /* ChatApplication.app */,
			);
			name = Products;
			sourceTree = "<group>";
		};
		6BA0F94A1D64E25300BE0FA9 /* ChatApplication */ = {
			isa = PBXGroup;
			children = (
				6BA0F94E1D64E25300BE0FA9 /* AppDelegate.h */,
				6BA0F94F1D64E25300BE0FA9 /* AppDelegate.m */,
				6BA0F9511D64E25300BE0FA9 /* ViewController.h */,
				6BA0F9521D64E25300BE0FA9 /* ViewController.m */,
				6BA0F9541D64E25300BE0FA9 /* Main.storyboard */,
				6BA0F9571D64E25300BE0FA9 /* Assets.xcassets */,
				6BA0F9591D64E25300BE0FA9 /* LaunchScreen.storyboard */,
				6BA0F95C1D64E25300BE0FA9 /* Info.plist */,
				6BA0F94B1D64E25300BE0FA9 /* Supporting Files */,
			);
			path = ChatApplication;
			sourceTree = "<group>";
		};
		6BA0F94B1D64E25300BE0FA9 /* Supporting Files */ = {
			isa = PBXGroup;
			children = (
				6BA0F9621D64E32D00BE0FA9 /* MultipeerConnectivity.framework */,
				6BA0F94C1D64E25300BE0FA9 /* main.m */,
			);
			name = "Supporting Files";
			sourceTree = "<group>";
		};
/* End PBXGroup section */

/* Begin PBXNativeTarget section */
		6BA0F9471D64E25300BE0FA9 /* ChatApplication */ = {
			isa = PBXNativeTarget;
			buildConfigurationList = 6BA0F95F1D64E25300BE0FA9 /* Build configuration list for PBXNativeTarget "ChatApplication" */;
			buildPhases = (
				6BA0F9441D64E25300BE0FA9 /* Sources */,
				6BA0F9451D64E25300BE0FA9 /* Frameworks */,
				6BA0F9461D64E25300BE0FA9 /* Resources */,
			);
			buildRules = (
			);
			dependencies = (
			);
			name = ChatApplication;
			productName = ChatApplication;
			productReference = 6BA0F9481D64E25300BE0FA9 /* ChatApplication.app */;
			productType = "com.apple.product-type.application";
		};
/* End PBXNativeTarget section */

/* Begin PBXProject section */
		6BA0F9401D64E25300BE0FA9 /* Project object */ = {
			isa = PBXProject;
			attributes = {
				LastUpgradeCheck = 0730;
				ORGANIZATIONNAME = "Vivian Aranha";
				TargetAttributes = {
					6BA0F9471D64E25300BE0FA9 = {
						CreatedOnToolsVersion = 7.3.1;
					};
				};
			};
			buildConfigurationList = 6BA0F9431D64E25300BE0FA9 /* Build configuration list for PBXProject "ChatApplication" */;
			compatibilityVersion = "Xcode 3.2";
			developmentRegion = English;
			hasScannedForEncodings = 0;
			knownRegions = (
				en,
				Base,
			);
			mainGroup = 6BA0F93F1D64E25300BE0FA9;
			productRefGroup = 6BA0F9491D64E25300BE0FA9 /* Products */;
			projectDirPath = "";
			projectRoot = "";
			targets = (
				6BA0F9471D64E25300BE0FA9 /* ChatApplication */,
			);
		};
/* End PBXProject section */

/* Begin PBXResourcesBuildPhase section */
		6BA0F9461D64E25300BE0FA9 /* Resources */ = {
			isa = PBXResourcesBuildPhase;
			buildActionMask = 2147483647;
			files = (
				6BA0F95B1D64E25300BE0FA9 /* LaunchScreen.storyboard in Resources */,
				6BA0F9581D64E25300BE0FA9 /* Assets.xcassets in Resources */,
				6BA0F9561D64E25300BE0FA9 /* Main.storyboard in Resources */,
			);
			runOnlyForDeploymentPostprocessing = 0;
		};
/* End PBXResourcesBuildPhase section */

/* Begin PBXSourcesBuildPhase section */
		6BA0F9441D64E25300BE0FA9 /* Sources */ = {
			isa = PBXSourcesBuildPhase;
			buildActionMask = 2147483647;
			files = (
				6BA0F9531D64E25300BE0FA9 /* ViewController.m in Sources */,
				6BA0F9501D64E25300BE0FA9 /* AppDelegate.m in Sources */,
				6BA0F94D1D64E25300BE0FA9 /* main.m in Sources */,
			);
			runOnlyForDeploymentPostprocessing = 0;
		};
/* End PBXSourcesBuildPhase section */

/* Begin PBXVariantGroup section */
		6BA0F9541D64E25300BE0FA9 /* Main.storyboard */ = {
			isa = PBXVariantGroup;
			children = (
				6BA0F9551D64E25300BE0FA9 /* Base */,
			);
			name = Main.storyboard;
			sourceTree = "<group>";
		};
		6BA0F9591D64E25300BE0FA9 /* LaunchScreen.storyboard */ = {
			isa = PBXVariantGroup;
			children = (
				6BA0F95A1D64E25300BE0FA9 /* Base */,
			);
			name = LaunchScreen.storyboard;
			sourceTree = "<group>";
		};
/* End PBXVariantGroup section */

/* Begin XCBuildConfiguration section */
		6BA0F95D1D64E25300BE0FA9 /* Debug */ = {
			isa = XCBuildConfiguration;
			buildSettings = {
				ALWAYS_SEARCH_USER_PATHS = NO;
				CLANG_ANALYZER_NONNULL = YES;
				CLANG_CXX_LANGUAGE_STANDARD = "gnu++0x";
				CLANG_CXX_LIBRARY = "libc++";
				CLANG_ENABLE_MODULES = YES;
				CLANG_ENABLE_OBJC_ARC = YES;
				CLANG_WARN_BOOL_CONVERSION = YES;
				CLANG_WARN_CONSTANT_CONVERSION = YES;
				CLANG_WARN_DIRECT_OBJC_ISA_USAGE = YES_ERROR;
				CLANG_WARN_EMPTY_BODY = YES;
				CLANG_WARN_ENUM_CONVERSION = YES;
				CLANG_WARN_INT_CONVERSION = YES;
				CLANG_WARN_OBJC_ROOT_CLASS = YES_ERROR;
				CLANG_WARN_UNREACHABLE_CODE = YES;
				CLANG_WARN__DUPLICATE_METHOD_MATCH = YES;
				"CODE_SIGN_IDENTITY[sdk=iphoneos*]" = "iPhone Developer";
				COPY_PHASE_STRIP = NO;
				DEBUG_INFORMATION_FORMAT = dwarf;
				ENABLE_STRICT_OBJC_MSGSEND = YES;
				ENABLE_TESTABILITY = YES;
				GCC_C_LANGUAGE_STANDARD = gnu99;
				GCC_DYNAMIC_NO_PIC = NO;
				GCC_NO_COMMON_BLOCKS = YES;
				GCC_OPTIMIZATION_LEVEL = 0;
				GCC_PREPROCESSOR_DEFINITIONS = (
					"DEBUG=1",
					"$(inherited)",
				);
				GCC_WARN_64_TO_32_BIT_CONVERSION = YES;
				GCC_WARN_ABOUT_RETURN_TYPE = YES_ERROR;
				GCC_WARN_UNDECLARED_SELECTOR = YES;
				GCC_WARN_UNINITIALIZED_AUTOS = YES_AGGRESSIVE;
				GCC_WARN_UNUSED_FUNCTION = YES;
				GCC_WARN_UNUSED_VARIABLE = YES;
				IPHONEOS_DEPLOYMENT_TARGET = 9.3;
				MTL_ENABLE_DEBUG_INFO = YES;
				ONLY_ACTIVE_ARCH = YES;
				SDKROOT = iphoneos;
			};
			name = Debug;
		};
		6BA0F95E1D64E25300BE0FA9 /* Release */ = {
			isa = XCBuildConfiguration;
			buildSettings = {
				ALWAYS_SEARCH_USER_PATHS = NO;
				CLANG_ANALYZER_NONNULL = YES;
				CLANG_CXX_LANGUAGE_STANDARD = "gnu++0x";
				CLANG_CXX_LIBRARY = "libc++";
				CLANG_ENABLE_MODULES = YES;
				CLANG_ENABLE_OBJC_ARC = YES;
				CLANG_WARN_BOOL_CONVERSION = YES;
				CLANG_WARN_CONSTANT_CONVERSION = YES;
				CLANG_WARN_DIRECT_OBJC_ISA_USAGE = YES_ERROR;
				CLANG_WARN_EMPTY_BODY = YES;
				CLANG_WARN_ENUM_CONVERSION = YES;
				CLANG_WARN_INT_CONVERSION = YES;
				CLANG_WARN_OBJC_ROOT_CLASS = YES_ERROR;
				CLANG_WARN_UNREACHABLE_CODE = YES;
				CLANG_WARN__DUPLICATE_METHOD_MATCH = YES;
				"CODE_SIGN_IDENTITY[sdk=iphoneos*]" = "iPhone Developer";
				COPY_PHASE_STRIP = NO;
				DEBUG_INFORMATION_FORMAT = "dwarf-with-dsym";
				ENABLE_NS_ASSERTIONS = NO;
				ENABLE_STRICT_OBJC_MSGSEND = YES;
				GCC_C_LANGUAGE_STANDARD = gnu99;
				GCC_NO_COMMON_BLOCKS = YES;
				GCC_WARN_64_TO_32_BIT_CONVERSION = YES;
				GCC_WARN_ABOUT_RETURN_TYPE = YES_ERROR;
				GCC_WARN_UNDECLARED_SELECTOR = YES;
				GCC_WARN_UNINITIALIZED_AUTOS = YES_AGGRESSIVE;
				GCC_WARN_UNUSED_FUNCTION = YES;
				GCC_WARN_UNUSED_VARIABLE = YES;
				IPHONEOS_DEPLOYMENT_TARGET = 9.3;
				MTL_ENABLE_DEBUG_INFO = NO;
				SDKROOT = iphoneos;
				VALIDATE_PRODUCT = YES;
			};
			name = Release;
		};
		6BA0F9601D64E25300BE0FA9 /* Debug */ = {
			isa = XCBuildConfiguration;
			buildSettings = {
				ASSETCATALOG_COMPILER_APPICON_NAME = AppIcon;
				INFOPLIST_FILE = ChatApplication/Info.plist;
				LD_RUNPATH_SEARCH_PATHS = "$(inherited) @executable_path/Frameworks";
				PRODUCT_BUNDLE_IDENTIFIER = com.vivianaranha.ChatApplication;
				PRODUCT_NAME = "$(TARGET_NAME)";
			};
			name = Debug;
		};
		6BA0F9611D64E25300BE0FA9 /* Release */ = {
			isa = XCBuildConfiguration;
			buildSettings = {
				ASSETCATALOG_COMPILER_APPICON_NAME = AppIcon;
				INFOPLIST_FILE = ChatApplication/Info.plist;
				LD_RUNPATH_SEARCH_PATHS = "$(inherited) @executable_path/Frameworks";
				PRODUCT_BUNDLE_IDENTIFIER = com.vivianaranha.ChatApplication;
				PRODUCT_NAME = "$(TARGET_NAME)";
			};
			name = Release;
		};
/* End XCBuildConfiguration section */

/* Begin XCConfigurationList section */
		6BA0F9431D64E25300BE0FA9 /* Build configuration list for PBXProject "ChatApplication" */ = {
			isa = XCConfigurationList;
			buildConfigurations = (
				6BA0F95D1D64E25300BE0FA9 /* Debug */,
				6BA0F95E1D64E25300BE0FA9 /* Release */,
			);
			defaultConfigurationIsVisible = 0;
			defaultConfigurationName = Release;
		};
		6BA0F95F1D64E25300BE0FA9 /* Build configuration list for PBXNativeTarget "ChatApplication" */ = {
			isa = XCConfigurationList;
			buildConfigurations = (
				6BA0F9601D64E25300BE0FA9 /* Debug */,
				6BA0F9611D64E25300BE0FA9 /* Release */,
			);
			defaultConfigurationIsVisible = 0;
		};
/* End XCConfigurationList section */
	};
	rootObject = 6BA0F9401D64E25300BE0FA9 /* Project object */;
}
